
Microsoft Visual Studio Solution File, Format Version 12.00
# Visual Studio Version 17
VisualStudioVersion = 17.12.35707.178 d17.12
MinimumVisualStudioVersion = 10.0.40219.1
Project("{FAE04EC0-301F-11D3-BF4B-00C04F79EFBC}") = "Aplicatie.API", "Aplicatie.API\Aplicatie.API.csproj", "{04E8F2BA-3077-48B1-92A6-24C4F179F1CE}"
EndProject
Global
	GlobalSection(SolutionConfigurationPlatforms) = preSolution
		Debug|Any CPU = Debug|Any CPU
		Release|Any CPU = Release|Any CPU
	EndGlobalSection
	GlobalSection(ProjectConfigurationPlatforms) = postSolution
		{04E8F2BA-3077-48B1-92A6-24C4F179F1CE}.Debug|Any CPU.ActiveCfg = Debug|Any CPU
		{04E8F2BA-3077-48B1-92A6-24C4F179F1CE}.Debug|Any CPU.Build.0 = Debug|Any CPU
		{04E8F2BA-3077-48B1-92A6-24C4F179F1CE}.Release|Any CPU.ActiveCfg = Release|Any CPU
		{04E8F2BA-3077-48B1-92A6-24C4F179F1CE}.Release|Any CPU.Build.0 = Release|Any CPU
	EndGlobalSection
	GlobalSection(SolutionProperties) = preSolution
		HideSolutionNode = FALSE
	EndGlobalSection
EndGlobal
